
Microsoft Visual Studio Solution File, Format Version 12.00
# Visual Studio Version 17
VisualStudioVersion = 17.11.35312.102
MinimumVisualStudioVersion = 10.0.40219.1
Project("{FAE04EC0-301F-11D3-BF4B-00C04F79EFBC}") = "WalLanches", "WalLanch\WalLanches.csproj", "{BEBD4969-C977-4B11-B7FE-1FDC35A45B61}"
EndProject
Global
	GlobalSection(SolutionConfigurationPlatforms) = preSolution
		Debug|Any CPU = Debug|Any CPU
		Release|Any CPU = Release|Any CPU
	EndGlobalSection
	GlobalSection(ProjectConfigurationPlatforms) = postSolution
		{BEBD4969-C977-4B11-B7FE-1FDC35A45B61}.Debug|Any CPU.ActiveCfg = Debug|Any CPU
		{BEBD4969-C977-4B11-B7FE-1FDC35A45B61}.Debug|Any CPU.Build.0 = Debug|Any CPU
		{BEBD4969-C977-4B11-B7FE-1FDC35A45B61}.Release|Any CPU.ActiveCfg = Release|Any CPU
		{BEBD4969-C977-4B11-B7FE-1FDC35A45B61}.Release|Any CPU.Build.0 = Release|Any CPU
	EndGlobalSection
	GlobalSection(SolutionProperties) = preSolution
		HideSolutionNode = FALSE
	EndGlobalSection
	GlobalSection(ExtensibilityGlobals) = postSolution
		SolutionGuid = {107530F5-2DC4-4093-B8AD-67FFCD1F1171}
	EndGlobalSection
EndGlobal
